
Microsoft Visual Studio Solution File, Format Version 12.00
# Visual Studio 15
Project("{FAE04EC0-301F-11D3-BF4B-00C04F79EFBC}") = "aspnetapi", "aspnetapi\aspnetapi.csproj", "{96FA13EA-3D80-44FA-A694-1B393E2CC6ED}"
EndProject
Global
	GlobalSection(SolutionConfigurationPlatforms) = preSolution
		Debug|Any CPU = Debug|Any CPU
		Release|Any CPU = Release|Any CPU
	EndGlobalSection
	GlobalSection(ProjectConfigurationPlatforms) = postSolution
		{96FA13EA-3D80-44FA-A694-1B393E2CC6ED}.Debug|Any CPU.ActiveCfg = Debug|Any CPU
		{96FA13EA-3D80-44FA-A694-1B393E2CC6ED}.Debug|Any CPU.Build.0 = Debug|Any CPU
		{96FA13EA-3D80-44FA-A694-1B393E2CC6ED}.Release|Any CPU.ActiveCfg = Release|Any CPU
		{96FA13EA-3D80-44FA-A694-1B393E2CC6ED}.Release|Any CPU.Build.0 = Release|Any CPU
	EndGlobalSection
EndGlobal
