
Microsoft Visual Studio Solution File, Format Version 12.00
# Visual Studio Version 16
VisualStudioVersion = 16.0.30011.22
MinimumVisualStudioVersion = 10.0.40219.1
Project("{FAE04EC0-301F-11D3-BF4B-00C04F79EFBC}") = "API REST Cubo", "API REST Cubo\API REST Cubo.csproj", "{83731199-8195-4B5D-B3EB-0892D3519688}"
EndProject
Global
	GlobalSection(SolutionConfigurationPlatforms) = preSolution
		Debug|Any CPU = Debug|Any CPU
		Release|Any CPU = Release|Any CPU
	EndGlobalSection
	GlobalSection(ProjectConfigurationPlatforms) = postSolution
		{83731199-8195-4B5D-B3EB-0892D3519688}.Debug|Any CPU.ActiveCfg = Debug|Any CPU
		{83731199-8195-4B5D-B3EB-0892D3519688}.Debug|Any CPU.Build.0 = Debug|Any CPU
		{83731199-8195-4B5D-B3EB-0892D3519688}.Release|Any CPU.ActiveCfg = Release|Any CPU
		{83731199-8195-4B5D-B3EB-0892D3519688}.Release|Any CPU.Build.0 = Release|Any CPU
	EndGlobalSection
	GlobalSection(SolutionProperties) = preSolution
		HideSolutionNode = FALSE
	EndGlobalSection
	GlobalSection(ExtensibilityGlobals) = postSolution
		SolutionGuid = {FD827529-3585-479C-B3FF-4C80AB2B83F0}
	EndGlobalSection
EndGlobal
